
Microsoft Visual Studio Solution File, Format Version 12.00
# Visual Studio 15
VisualStudioVersion = 15.0.28307.329
MinimumVisualStudioVersion = 10.0.40219.1
Project("{FAE04EC0-301F-11D3-BF4B-00C04F79EFBC}") = "Calculator.Android", "Calculator\Calculator.Android\Calculator.Android.csproj", "{4319DB0E-6EB6-4F97-861E-D4E7F204C9BA}"
EndProject
Project("{FAE04EC0-301F-11D3-BF4B-00C04F79EFBC}") = "Calculator.iOS", "Calculator\Calculator.iOS\Calculator.iOS.csproj", "{2193E1CC-5AA9-4DF8-B384-16D6F8B50AF3}"
EndProject
Project("{9A19103F-16F7-4668-BE54-9A1E7A4F7556}") = "Calculator", "Calculator\Calculator\Calculator.csproj", "{CA7D270E-E309-4952-94B3-0D8474E5A063}"
EndProject
Project("{FAE04EC0-301F-11D3-BF4B-00C04F79EFBC}") = "Calculator.UWP", "Calculator\Calculator.UWP\Calculator.UWP.csproj", "{97C69EA4-C92B-49CD-8D02-FFEBF7F438E4}"
EndProject
Project("{2150E333-8FDC-42A3-9474-1A3956D46DE8}") = ".Tests", ".Tests", "{F5E461B5-9589-4DBC-ADA9-AA511B2CE8FC}"
EndProject
Project("{FAE04EC0-301F-11D3-BF4B-00C04F79EFBC}") = "Calculator.Tests", "Calculator.Tests\Calculator.Tests.csproj", "{F3779289-41C1-45CB-9BF1-1A32D9387B9D}"
EndProject
Global
	GlobalSection(SolutionConfigurationPlatforms) = preSolution
		Ad-Hoc|Any CPU = Ad-Hoc|Any CPU
		Ad-Hoc|ARM = Ad-Hoc|ARM
		Ad-Hoc|ARM64 = Ad-Hoc|ARM64
		Ad-Hoc|iPhone = Ad-Hoc|iPhone
		Ad-Hoc|iPhoneSimulator = Ad-Hoc|iPhoneSimulator
		Ad-Hoc|x64 = Ad-Hoc|x64
		Ad-Hoc|x86 = Ad-Hoc|x86
		AppStore|Any CPU = AppStore|Any CPU
		AppStore|ARM = AppStore|ARM
		AppStore|ARM64 = AppStore|ARM64
		AppStore|iPhone = AppStore|iPhone
		AppStore|iPhoneSimulator = AppStore|iPhoneSimulator
		AppStore|x64 = AppStore|x64
		AppStore|x86 = AppStore|x86
		Debug|Any CPU = Debug|Any CPU
		Debug|ARM = Debug|ARM
		Debug|ARM64 = Debug|ARM64
		Debug|iPhone = Debug|iPhone
		Debug|iPhoneSimulator = Debug|iPhoneSimulator
		Debug|x64 = Debug|x64
		Debug|x86 = Debug|x86
		Release|Any CPU = Release|Any CPU
		Release|ARM = Release|ARM
		Release|ARM64 = Release|ARM64
		Release|iPhone = Release|iPhone
		Release|iPhoneSimulator = Release|iPhoneSimulator
		Release|x64 = Release|x64
		Release|x86 = Release|x86
	EndGlobalSection
	GlobalSection(ProjectConfigurationPlatforms) = postSolution
		{4319DB0E-6EB6-4F97-861E-D4E7F204C9BA}.Ad-Hoc|Any CPU.ActiveCfg = Release|Any CPU
		{4319DB0E-6EB6-4F97-861E-D4E7F204C9BA}.Ad-Hoc|Any CPU.Build.0 = Release|Any CPU
		{4319DB0E-6EB6-4F97-861E-D4E7F204C9BA}.Ad-Hoc|Any CPU.Deploy.0 = Release|Any CPU
		{4319DB0E-6EB6-4F97-861E-D4E7F204C9BA}.Ad-Hoc|ARM.ActiveCfg = Release|Any CPU
		{4319DB0E-6EB6-4F97-861E-D4E7F204C9BA}.Ad-Hoc|ARM.Build.0 = Release|Any CPU
		{4319DB0E-6EB6-4F97-861E-D4E7F204C9BA}.Ad-Hoc|ARM.Deploy.0 = Release|Any CPU
		{4319DB0E-6EB6-4F97-861E-D4E7F204C9BA}.Ad-Hoc|ARM64.ActiveCfg = Release|Any CPU
		{4319DB0E-6EB6-4F97-861E-D4E7F204C9BA}.Ad-Hoc|ARM64.Build.0 = Release|Any CPU
		{4319DB0E-6EB6-4F97-861E-D4E7F204C9BA}.Ad-Hoc|ARM64.Deploy.0 = Release|Any CPU
		{4319DB0E-6EB6-4F97-861E-D4E7F204C9BA}.Ad-Hoc|iPhone.ActiveCfg = Release|Any CPU
		{4319DB0E-6EB6-4F97-861E-D4E7F204C9BA}.Ad-Hoc|iPhone.Build.0 = Release|Any CPU
		{4319DB0E-6EB6-4F97-861E-D4E7F204C9BA}.Ad-Hoc|iPhone.Deploy.0 = Release|Any CPU
		{4319DB0E-6EB6-4F97-861E-D4E7F204C9BA}.Ad-Hoc|iPhoneSimulator.ActiveCfg = Release|Any CPU
		{4319DB0E-6EB6-4F97-861E-D4E7F204C9BA}.Ad-Hoc|iPhoneSimulator.Build.0 = Release|Any CPU
		{4319DB0E-6EB6-4F97-861E-D4E7F204C9BA}.Ad-Hoc|iPhoneSimulator.Deploy.0 = Release|Any CPU
		{4319DB0E-6EB6-4F97-861E-D4E7F204C9BA}.Ad-Hoc|x64.ActiveCfg = Release|Any CPU
		{4319DB0E-6EB6-4F97-861E-D4E7F204C9BA}.Ad-Hoc|x64.Build.0 = Release|Any CPU
		{4319DB0E-6EB6-4F97-861E-D4E7F204C9BA}.Ad-Hoc|x64.Deploy.0 = Release|Any CPU
		{4319DB0E-6EB6-4F97-861E-D4E7F204C9BA}.Ad-Hoc|x86.ActiveCfg = Release|Any CPU
		{4319DB0E-6EB6-4F97-861E-D4E7F204C9BA}.Ad-Hoc|x86.Build.0 = Release|Any CPU
		{4319DB0E-6EB6-4F97-861E-D4E7F204C9BA}.Ad-Hoc|x86.Deploy.0 = Release|Any CPU
		{4319DB0E-6EB6-4F97-861E-D4E7F204C9BA}.AppStore|Any CPU.ActiveCfg = Release|Any CPU
		{4319DB0E-6EB6-4F97-861E-D4E7F204C9BA}.AppStore|Any CPU.Build.0 = Release|Any CPU
		{4319DB0E-6EB6-4F97-861E-D4E7F204C9BA}.AppStore|Any CPU.Deploy.0 = Release|Any CPU
		{4319DB0E-6EB6-4F97-861E-D4E7F204C9BA}.AppStore|ARM.ActiveCfg = Release|Any CPU
		{4319DB0E-6EB6-4F97-861E-D4E7F204C9BA}.AppStore|ARM.Build.0 = Release|Any CPU
		{4319DB0E-6EB6-4F97-861E-D4E7F204C9BA}.AppStore|ARM.Deploy.0 = Release|Any CPU
		{4319DB0E-6EB6-4F97-861E-D4E7F204C9BA}.AppStore|ARM64.ActiveCfg = Release|Any CPU
		{4319DB0E-6EB6-4F97-861E-D4E7F204C9BA}.AppStore|ARM64.Build.0 = Release|Any CPU
		{4319DB0E-6EB6-4F97-861E-D4E7F204C9BA}.AppStore|ARM64.Deploy.0 = Release|Any CPU
		{4319DB0E-6EB6-4F97-861E-D4E7F204C9BA}.AppStore|iPhone.ActiveCfg = Release|Any CPU
		{4319DB0E-6EB6-4F97-861E-D4E7F204C9BA}.AppStore|iPhone.Build.0 = Release|Any CPU
		{4319DB0E-6EB6-4F97-861E-D4E7F204C9BA}.AppStore|iPhone.Deploy.0 = Release|Any CPU
		{4319DB0E-6EB6-4F97-861E-D4E7F204C9BA}.AppStore|iPhoneSimulator.ActiveCfg = Release|Any CPU
		{4319DB0E-6EB6-4F97-861E-D4E7F204C9BA}.AppStore|iPhoneSimulator.Build.0 = Release|Any CPU
		{4319DB0E-6EB6-4F97-861E-D4E7F204C9BA}.AppStore|iPhoneSimulator.Deploy.0 = Release|Any CPU
		{4319DB0E-6EB6-4F97-861E-D4E7F204C9BA}.AppStore|x64.ActiveCfg = Release|Any CPU
		{4319DB0E-6EB6-4F97-861E-D4E7F204C9BA}.AppStore|x64.Build.0 = Release|Any CPU
		{4319DB0E-6EB6-4F97-861E-D4E7F204C9BA}.AppStore|x64.Deploy.0 = Release|Any CPU
		{4319DB0E-6EB6-4F97-861E-D4E7F204C9BA}.AppStore|x86.ActiveCfg = Release|Any CPU
		{4319DB0E-6EB6-4F97-861E-D4E7F204C9BA}.AppStore|x86.Build.0 = Release|Any CPU
		{4319DB0E-6EB6-4F97-861E-D4E7F204C9BA}.AppStore|x86.Deploy.0 = Release|Any CPU
		{4319DB0E-6EB6-4F97-861E-D4E7F204C9BA}.Debug|Any CPU.ActiveCfg = Debug|Any CPU
		{4319DB0E-6EB6-4F97-861E-D4E7F204C9BA}.Debug|Any CPU.Build.0 = Debug|Any CPU
		{4319DB0E-6EB6-4F97-861E-D4E7F204C9BA}.Debug|Any CPU.Deploy.0 = Debug|Any CPU
		{4319DB0E-6EB6-4F97-861E-D4E7F204C9BA}.Debug|ARM.ActiveCfg = Debug|Any CPU
		{4319DB0E-6EB6-4F97-861E-D4E7F204C9BA}.Debug|ARM.Build.0 = Debug|Any CPU
		{4319DB0E-6EB6-4F97-861E-D4E7F204C9BA}.Debug|ARM.Deploy.0 = Debug|Any CPU
		{4319DB0E-6EB6-4F97-861E-D4E7F204C9BA}.Debug|ARM64.ActiveCfg = Debug|Any CPU
		{4319DB0E-6EB6-4F97-861E-D4E7F204C9BA}.Debug|ARM64.Build.0 = Debug|Any CPU
		{4319DB0E-6EB6-4F97-861E-D4E7F204C9BA}.Debug|ARM64.Deploy.0 = Debug|Any CPU
		{4319DB0E-6EB6-4F97-861E-D4E7F204C9BA}.Debug|iPhone.ActiveCfg = Debug|Any CPU
		{4319DB0E-6EB6-4F97-861E-D4E7F204C9BA}.Debug|iPhone.Build.0 = Debug|Any CPU
		{4319DB0E-6EB6-4F97-861E-D4E7F204C9BA}.Debug|iPhone.Deploy.0 = Debug|Any CPU
		{4319DB0E-6EB6-4F97-861E-D4E7F204C9BA}.Debug|iPhoneSimulator.ActiveCfg = Debug|Any CPU
		{4319DB0E-6EB6-4F97-861E-D4E7F204C9BA}.Debug|iPhoneSimulator.Build.0 = Debug|Any CPU
		{4319DB0E-6EB6-4F97-861E-D4E7F204C9BA}.Debug|iPhoneSimulator.Deploy.0 = Debug|Any CPU
		{4319DB0E-6EB6-4F97-861E-D4E7F204C9BA}.Debug|x64.ActiveCfg = Debug|Any CPU
		{4319DB0E-6EB6-4F97-861E-D4E7F204C9BA}.Debug|x64.Build.0 = Debug|Any CPU
		{4319DB0E-6EB6-4F97-861E-D4E7F204C9BA}.Debug|x64.Deploy.0 = Debug|Any CPU
		{4319DB0E-6EB6-4F97-861E-D4E7F204C9BA}.Debug|x86.ActiveCfg = Debug|Any CPU
		{4319DB0E-6EB6-4F97-861E-D4E7F204C9BA}.Debug|x86.Build.0 = Debug|Any CPU
		{4319DB0E-6EB6-4F97-861E-D4E7F204C9BA}.Debug|x86.Deploy.0 = Debug|Any CPU
		{4319DB0E-6EB6-4F97-861E-D4E7F204C9BA}.Release|Any CPU.ActiveCfg = Release|Any CPU
		{4319DB0E-6EB6-4F97-861E-D4E7F204C9BA}.Release|Any CPU.Build.0 = Release|Any CPU
		{4319DB0E-6EB6-4F97-861E-D4E7F204C9BA}.Release|Any CPU.Deploy.0 = Release|Any CPU
		{4319DB0E-6EB6-4F97-861E-D4E7F204C9BA}.Release|ARM.ActiveCfg = Release|Any CPU
		{4319DB0E-6EB6-4F97-861E-D4E7F204C9BA}.Release|ARM.Build.0 = Release|Any CPU
		{4319DB0E-6EB6-4F97-861E-D4E7F204C9BA}.Release|ARM.Deploy.0 = Release|Any CPU
		{4319DB0E-6EB6-4F97-861E-D4E7F204C9BA}.Release|ARM64.ActiveCfg = Release|Any CPU
		{4319DB0E-6EB6-4F97-861E-D4E7F204C9BA}.Release|ARM64.Build.0 = Release|Any CPU
		{4319DB0E-6EB6-4F97-861E-D4E7F204C9BA}.Release|ARM64.Deploy.0 = Release|Any CPU
		{4319DB0E-6EB6-4F97-861E-D4E7F204C9BA}.Release|iPhone.ActiveCfg = Release|Any CPU
		{4319DB0E-6EB6-4F97-861E-D4E7F204C9BA}.Release|iPhone.Build.0 = Release|Any CPU
		{4319DB0E-6EB6-4F97-861E-D4E7F204C9BA}.Release|iPhone.Deploy.0 = Release|Any CPU
		{4319DB0E-6EB6-4F97-861E-D4E7F204C9BA}.Release|iPhoneSimulator.ActiveCfg = Release|Any CPU
		{4319DB0E-6EB6-4F97-861E-D4E7F204C9BA}.Release|iPhoneSimulator.Build.0 = Release|Any CPU
		{4319DB0E-6EB6-4F97-861E-D4E7F204C9BA}.Release|iPhoneSimulator.Deploy.0 = Release|Any CPU
		{4319DB0E-6EB6-4F97-861E-D4E7F204C9BA}.Release|x64.ActiveCfg = Release|Any CPU
		{4319DB0E-6EB6-4F97-861E-D4E7F204C9BA}.Release|x64.Build.0 = Release|Any CPU
		{4319DB0E-6EB6-4F97-861E-D4E7F204C9BA}.Release|x64.Deploy.0 = Release|Any CPU
		{4319DB0E-6EB6-4F97-861E-D4E7F204C9BA}.Release|x86.ActiveCfg = Release|Any CPU
		{4319DB0E-6EB6-4F97-861E-D4E7F204C9BA}.Release|x86.Build.0 = Release|Any CPU
		{4319DB0E-6EB6-4F97-861E-D4E7F204C9BA}.Release|x86.Deploy.0 = Release|Any CPU
		{2193E1CC-5AA9-4DF8-B384-16D6F8B50AF3}.Ad-Hoc|Any CPU.ActiveCfg = Ad-Hoc|iPhone
		{2193E1CC-5AA9-4DF8-B384-16D6F8B50AF3}.Ad-Hoc|Any CPU.Build.0 = Ad-Hoc|iPhone
		{2193E1CC-5AA9-4DF8-B384-16D6F8B50AF3}.Ad-Hoc|Any CPU.Deploy.0 = Ad-Hoc|iPhone
		{2193E1CC-5AA9-4DF8-B384-16D6F8B50AF3}.Ad-Hoc|ARM.ActiveCfg = Ad-Hoc|iPhone
		{2193E1CC-5AA9-4DF8-B384-16D6F8B50AF3}.Ad-Hoc|ARM64.ActiveCfg = Ad-Hoc|iPhone
		{2193E1CC-5AA9-4DF8-B384-16D6F8B50AF3}.Ad-Hoc|iPhone.ActiveCfg = Ad-Hoc|iPhone
		{2193E1CC-5AA9-4DF8-B384-16D6F8B50AF3}.Ad-Hoc|iPhone.Build.0 = Ad-Hoc|iPhone
		{2193E1CC-5AA9-4DF8-B384-16D6F8B50AF3}.Ad-Hoc|iPhone.Deploy.0 = Ad-Hoc|iPhone
		{2193E1CC-5AA9-4DF8-B384-16D6F8B50AF3}.Ad-Hoc|iPhoneSimulator.ActiveCfg = Ad-Hoc|iPhoneSimulator
		{2193E1CC-5AA9-4DF8-B384-16D6F8B50AF3}.Ad-Hoc|iPhoneSimulator.Build.0 = Ad-Hoc|iPhoneSimulator
		{2193E1CC-5AA9-4DF8-B384-16D6F8B50AF3}.Ad-Hoc|iPhoneSimulator.Deploy.0 = Ad-Hoc|iPhoneSimulator
		{2193E1CC-5AA9-4DF8-B384-16D6F8B50AF3}.Ad-Hoc|x64.ActiveCfg = Ad-Hoc|iPhone
		{2193E1CC-5AA9-4DF8-B384-16D6F8B50AF3}.Ad-Hoc|x86.ActiveCfg = Ad-Hoc|iPhone
		{2193E1CC-5AA9-4DF8-B384-16D6F8B50AF3}.AppStore|Any CPU.ActiveCfg = AppStore|iPhone
		{2193E1CC-5AA9-4DF8-B384-16D6F8B50AF3}.AppStore|Any CPU.Build.0 = AppStore|iPhone
		{2193E1CC-5AA9-4DF8-B384-16D6F8B50AF3}.AppStore|Any CPU.Deploy.0 = AppStore|iPhone
		{2193E1CC-5AA9-4DF8-B384-16D6F8B50AF3}.AppStore|ARM.ActiveCfg = AppStore|iPhone
		{2193E1CC-5AA9-4DF8-B384-16D6F8B50AF3}.AppStore|ARM64.ActiveCfg = AppStore|iPhone
		{2193E1CC-5AA9-4DF8-B384-16D6F8B50AF3}.AppStore|iPhone.ActiveCfg = AppStore|iPhone
		{2193E1CC-5AA9-4DF8-B384-16D6F8B50AF3}.AppStore|iPhone.Build.0 = AppStore|iPhone
		{2193E1CC-5AA9-4DF8-B384-16D6F8B50AF3}.AppStore|iPhone.Deploy.0 = AppStore|iPhone
		{2193E1CC-5AA9-4DF8-B384-16D6F8B50AF3}.AppStore|iPhoneSimulator.ActiveCfg = AppStore|iPhoneSimulator
		{2193E1CC-5AA9-4DF8-B384-16D6F8B50AF3}.AppStore|iPhoneSimulator.Build.0 = AppStore|iPhoneSimulator
		{2193E1CC-5AA9-4DF8-B384-16D6F8B50AF3}.AppStore|iPhoneSimulator.Deploy.0 = AppStore|iPhoneSimulator
		{2193E1CC-5AA9-4DF8-B384-16D6F8B50AF3}.AppStore|x64.ActiveCfg = AppStore|iPhone
		{2193E1CC-5AA9-4DF8-B384-16D6F8B50AF3}.AppStore|x86.ActiveCfg = AppStore|iPhone
		{2193E1CC-5AA9-4DF8-B384-16D6F8B50AF3}.Debug|Any CPU.ActiveCfg = Debug|iPhoneSimulator
		{2193E1CC-5AA9-4DF8-B384-16D6F8B50AF3}.Debug|Any CPU.Build.0 = Debug|iPhoneSimulator
		{2193E1CC-5AA9-4DF8-B384-16D6F8B50AF3}.Debug|Any CPU.Deploy.0 = Debug|iPhoneSimulator
		{2193E1CC-5AA9-4DF8-B384-16D6F8B50AF3}.Debug|ARM.ActiveCfg = Debug|iPhone
		{2193E1CC-5AA9-4DF8-B384-16D6F8B50AF3}.Debug|ARM64.ActiveCfg = Debug|iPhone
		{2193E1CC-5AA9-4DF8-B384-16D6F8B50AF3}.Debug|iPhone.ActiveCfg = Debug|iPhone
		{2193E1CC-5AA9-4DF8-B384-16D6F8B50AF3}.Debug|iPhone.Build.0 = Debug|iPhone
		{2193E1CC-5AA9-4DF8-B384-16D6F8B50AF3}.Debug|iPhone.Deploy.0 = Debug|iPhone
		{2193E1CC-5AA9-4DF8-B384-16D6F8B50AF3}.Debug|iPhoneSimulator.ActiveCfg = Debug|iPhoneSimulator
		{2193E1CC-5AA9-4DF8-B384-16D6F8B50AF3}.Debug|iPhoneSimulator.Build.0 = Debug|iPhoneSimulator
		{2193E1CC-5AA9-4DF8-B384-16D6F8B50AF3}.Debug|iPhoneSimulator.Deploy.0 = Debug|iPhoneSimulator
		{2193E1CC-5AA9-4DF8-B384-16D6F8B50AF3}.Debug|x64.ActiveCfg = Debug|iPhone
		{2193E1CC-5AA9-4DF8-B384-16D6F8B50AF3}.Debug|x86.ActiveCfg = Debug|iPhone
		{2193E1CC-5AA9-4DF8-B384-16D6F8B50AF3}.Release|Any CPU.ActiveCfg = Release|iPhone
		{2193E1CC-5AA9-4DF8-B384-16D6F8B50AF3}.Release|Any CPU.Build.0 = Release|iPhone
		{2193E1CC-5AA9-4DF8-B384-16D6F8B50AF3}.Release|Any CPU.Deploy.0 = Release|iPhone
		{2193E1CC-5AA9-4DF8-B384-16D6F8B50AF3}.Release|ARM.ActiveCfg = Release|iPhone
		{2193E1CC-5AA9-4DF8-B384-16D6F8B50AF3}.Release|ARM64.ActiveCfg = Release|iPhone
		{2193E1CC-5AA9-4DF8-B384-16D6F8B50AF3}.Release|iPhone.ActiveCfg = Release|iPhone
		{2193E1CC-5AA9-4DF8-B384-16D6F8B50AF3}.Release|iPhone.Build.0 = Release|iPhone
		{2193E1CC-5AA9-4DF8-B384-16D6F8B50AF3}.Release|iPhone.Deploy.0 = Release|iPhone
		{2193E1CC-5AA9-4DF8-B384-16D6F8B50AF3}.Release|iPhoneSimulator.ActiveCfg = Release|iPhoneSimulator
		{2193E1CC-5AA9-4DF8-B384-16D6F8B50AF3}.Release|iPhoneSimulator.Build.0 = Release|iPhoneSimulator
		{2193E1CC-5AA9-4DF8-B384-16D6F8B50AF3}.Release|iPhoneSimulator.Deploy.0 = Release|iPhoneSimulator
		{2193E1CC-5AA9-4DF8-B384-16D6F8B50AF3}.Release|x64.ActiveCfg = Release|iPhone
		{2193E1CC-5AA9-4DF8-B384-16D6F8B50AF3}.Release|x86.ActiveCfg = Release|iPhone
		{CA7D270E-E309-4952-94B3-0D8474E5A063}.Ad-Hoc|Any CPU.ActiveCfg = Debug|Any CPU
		{CA7D270E-E309-4952-94B3-0D8474E5A063}.Ad-Hoc|Any CPU.Build.0 = Debug|Any CPU
		{CA7D270E-E309-4952-94B3-0D8474E5A063}.Ad-Hoc|Any CPU.Deploy.0 = Debug|Any CPU
		{CA7D270E-E309-4952-94B3-0D8474E5A063}.Ad-Hoc|ARM.ActiveCfg = Debug|Any CPU
		{CA7D270E-E309-4952-94B3-0D8474E5A063}.Ad-Hoc|ARM.Build.0 = Debug|Any CPU
		{CA7D270E-E309-4952-94B3-0D8474E5A063}.Ad-Hoc|ARM64.ActiveCfg = Debug|Any CPU
		{CA7D270E-E309-4952-94B3-0D8474E5A063}.Ad-Hoc|ARM64.Build.0 = Debug|Any CPU
		{CA7D270E-E309-4952-94B3-0D8474E5A063}.Ad-Hoc|iPhone.ActiveCfg = Debug|Any CPU
		{CA7D270E-E309-4952-94B3-0D8474E5A063}.Ad-Hoc|iPhone.Build.0 = Debug|Any CPU
		{CA7D270E-E309-4952-94B3-0D8474E5A063}.Ad-Hoc|iPhone.Deploy.0 = Debug|Any CPU
		{CA7D270E-E309-4952-94B3-0D8474E5A063}.Ad-Hoc|iPhoneSimulator.ActiveCfg = Debug|Any CPU
		{CA7D270E-E309-4952-94B3-0D8474E5A063}.Ad-Hoc|iPhoneSimulator.Build.0 = Debug|Any CPU
		{CA7D270E-E309-4952-94B3-0D8474E5A063}.Ad-Hoc|iPhoneSimulator.Deploy.0 = Debug|Any CPU
		{CA7D270E-E309-4952-94B3-0D8474E5A063}.Ad-Hoc|x64.ActiveCfg = Debug|Any CPU
		{CA7D270E-E309-4952-94B3-0D8474E5A063}.Ad-Hoc|x64.Build.0 = Debug|Any CPU
		{CA7D270E-E309-4952-94B3-0D8474E5A063}.Ad-Hoc|x86.ActiveCfg = Debug|Any CPU
		{CA7D270E-E309-4952-94B3-0D8474E5A063}.Ad-Hoc|x86.Build.0 = Debug|Any CPU
		{CA7D270E-E309-4952-94B3-0D8474E5A063}.AppStore|Any CPU.ActiveCfg = Debug|Any CPU
		{CA7D270E-E309-4952-94B3-0D8474E5A063}.AppStore|Any CPU.Build.0 = Debug|Any CPU
		{CA7D270E-E309-4952-94B3-0D8474E5A063}.AppStore|Any CPU.Deploy.0 = Debug|Any CPU
		{CA7D270E-E309-4952-94B3-0D8474E5A063}.AppStore|ARM.ActiveCfg = Debug|Any CPU
		{CA7D270E-E309-4952-94B3-0D8474E5A063}.AppStore|ARM.Build.0 = Debug|Any CPU
		{CA7D270E-E309-4952-94B3-0D8474E5A063}.AppStore|ARM64.ActiveCfg = Debug|Any CPU
		{CA7D270E-E309-4952-94B3-0D8474E5A063}.AppStore|ARM64.Build.0 = Debug|Any CPU
		{CA7D270E-E309-4952-94B3-0D8474E5A063}.AppStore|iPhone.ActiveCfg = Debug|Any CPU
		{CA7D270E-E309-4952-94B3-0D8474E5A063}.AppStore|iPhone.Build.0 = Debug|Any CPU
		{CA7D270E-E309-4952-94B3-0D8474E5A063}.AppStore|iPhone.Deploy.0 = Debug|Any CPU
		{CA7D270E-E309-4952-94B3-0D8474E5A063}.AppStore|iPhoneSimulator.ActiveCfg = Debug|Any CPU
		{CA7D270E-E309-4952-94B3-0D8474E5A063}.AppStore|iPhoneSimulator.Build.0 = Debug|Any CPU
		{CA7D270E-E309-4952-94B3-0D8474E5A063}.AppStore|iPhoneSimulator.Deploy.0 = Debug|Any CPU
		{CA7D270E-E309-4952-94B3-0D8474E5A063}.AppStore|x64.ActiveCfg = Debug|Any CPU
		{CA7D270E-E309-4952-94B3-0D8474E5A063}.AppStore|x64.Build.0 = Debug|Any CPU
		{CA7D270E-E309-4952-94B3-0D8474E5A063}.AppStore|x86.ActiveCfg = Debug|Any CPU
		{CA7D270E-E309-4952-94B3-0D8474E5A063}.AppStore|x86.Build.0 = Debug|Any CPU
		{CA7D270E-E309-4952-94B3-0D8474E5A063}.Debug|Any CPU.ActiveCfg = Debug|Any CPU
		{CA7D270E-E309-4952-94B3-0D8474E5A063}.Debug|Any CPU.Build.0 = Debug|Any CPU
		{CA7D270E-E309-4952-94B3-0D8474E5A063}.Debug|Any CPU.Deploy.0 = Debug|Any CPU
		{CA7D270E-E309-4952-94B3-0D8474E5A063}.Debug|ARM.ActiveCfg = Debug|Any CPU
		{CA7D270E-E309-4952-94B3-0D8474E5A063}.Debug|ARM.Build.0 = Debug|Any CPU
		{CA7D270E-E309-4952-94B3-0D8474E5A063}.Debug|ARM64.ActiveCfg = Debug|Any CPU
		{CA7D270E-E309-4952-94B3-0D8474E5A063}.Debug|ARM64.Build.0 = Debug|Any CPU
		{CA7D270E-E309-4952-94B3-0D8474E5A063}.Debug|iPhone.ActiveCfg = Debug|Any CPU
		{CA7D270E-E309-4952-94B3-0D8474E5A063}.Debug|iPhone.Build.0 = Debug|Any CPU
		{CA7D270E-E309-4952-94B3-0D8474E5A063}.Debug|iPhone.Deploy.0 = Debug|Any CPU
		{CA7D270E-E309-4952-94B3-0D8474E5A063}.Debug|iPhoneSimulator.ActiveCfg = Debug|Any CPU
		{CA7D270E-E309-4952-94B3-0D8474E5A063}.Debug|iPhoneSimulator.Build.0 = Debug|Any CPU
		{CA7D270E-E309-4952-94B3-0D8474E5A063}.Debug|iPhoneSimulator.Deploy.0 = Debug|Any CPU
		{CA7D270E-E309-4952-94B3-0D8474E5A063}.Debug|x64.ActiveCfg = Debug|Any CPU
		{CA7D270E-E309-4952-94B3-0D8474E5A063}.Debug|x64.Build.0 = Debug|Any CPU
		{CA7D270E-E309-4952-94B3-0D8474E5A063}.Debug|x86.ActiveCfg = Debug|Any CPU
		{CA7D270E-E309-4952-94B3-0D8474E5A063}.Debug|x86.Build.0 = Debug|Any CPU
		{CA7D270E-E309-4952-94B3-0D8474E5A063}.Release|Any CPU.ActiveCfg = Release|Any CPU
		{CA7D270E-E309-4952-94B3-0D8474E5A063}.Release|Any CPU.Build.0 = Release|Any CPU
		{CA7D270E-E309-4952-94B3-0D8474E5A063}.Release|Any CPU.Deploy.0 = Release|Any CPU
		{CA7D270E-E309-4952-94B3-0D8474E5A063}.Release|ARM.ActiveCfg = Release|Any CPU
		{CA7D270E-E309-4952-94B3-0D8474E5A063}.Release|ARM.Build.0 = Release|Any CPU
		{CA7D270E-E309-4952-94B3-0D8474E5A063}.Release|ARM64.ActiveCfg = Release|Any CPU
		{CA7D270E-E309-4952-94B3-0D8474E5A063}.Release|ARM64.Build.0 = Release|Any CPU
		{CA7D270E-E309-4952-94B3-0D8474E5A063}.Release|iPhone.ActiveCfg = Release|Any CPU
		{CA7D270E-E309-4952-94B3-0D8474E5A063}.Release|iPhone.Build.0 = Release|Any CPU
		{CA7D270E-E309-4952-94B3-0D8474E5A063}.Release|iPhone.Deploy.0 = Release|Any CPU
		{CA7D270E-E309-4952-94B3-0D8474E5A063}.Release|iPhoneSimulator.ActiveCfg = Release|Any CPU
		{CA7D270E-E309-4952-94B3-0D8474E5A063}.Release|iPhoneSimulator.Build.0 = Release|Any CPU
		{CA7D270E-E309-4952-94B3-0D8474E5A063}.Release|iPhoneSimulator.Deploy.0 = Release|Any CPU
		{CA7D270E-E309-4952-94B3-0D8474E5A063}.Release|x64.ActiveCfg = Release|Any CPU
		{CA7D270E-E309-4952-94B3-0D8474E5A063}.Release|x64.Build.0 = Release|Any CPU
		{CA7D270E-E309-4952-94B3-0D8474E5A063}.Release|x86.ActiveCfg = Release|Any CPU
		{CA7D270E-E309-4952-94B3-0D8474E5A063}.Release|x86.Build.0 = Release|Any CPU
		{97C69EA4-C92B-49CD-8D02-FFEBF7F438E4}.Ad-Hoc|Any CPU.ActiveCfg = Release|x64
		{97C69EA4-C92B-49CD-8D02-FFEBF7F438E4}.Ad-Hoc|Any CPU.Build.0 = Release|x64
		{97C69EA4-C92B-49CD-8D02-FFEBF7F438E4}.Ad-Hoc|Any CPU.Deploy.0 = Release|x64
		{97C69EA4-C92B-49CD-8D02-FFEBF7F438E4}.Ad-Hoc|ARM.ActiveCfg = Release|ARM
		{97C69EA4-C92B-49CD-8D02-FFEBF7F438E4}.Ad-Hoc|ARM.Build.0 = Release|ARM
		{97C69EA4-C92B-49CD-8D02-FFEBF7F438E4}.Ad-Hoc|ARM.Deploy.0 = Release|ARM
		{97C69EA4-C92B-49CD-8D02-FFEBF7F438E4}.Ad-Hoc|ARM64.ActiveCfg = Release|ARM64
		{97C69EA4-C92B-49CD-8D02-FFEBF7F438E4}.Ad-Hoc|ARM64.Build.0 = Release|ARM64
		{97C69EA4-C92B-49CD-8D02-FFEBF7F438E4}.Ad-Hoc|ARM64.Deploy.0 = Release|ARM64
		{97C69EA4-C92B-49CD-8D02-FFEBF7F438E4}.Ad-Hoc|iPhone.ActiveCfg = Release|x64
		{97C69EA4-C92B-49CD-8D02-FFEBF7F438E4}.Ad-Hoc|iPhone.Build.0 = Release|x64
		{97C69EA4-C92B-49CD-8D02-FFEBF7F438E4}.Ad-Hoc|iPhone.Deploy.0 = Release|x64
		{97C69EA4-C92B-49CD-8D02-FFEBF7F438E4}.Ad-Hoc|iPhoneSimulator.ActiveCfg = Release|x64
		{97C69EA4-C92B-49CD-8D02-FFEBF7F438E4}.Ad-Hoc|iPhoneSimulator.Build.0 = Release|x64
		{97C69EA4-C92B-49CD-8D02-FFEBF7F438E4}.Ad-Hoc|iPhoneSimulator.Deploy.0 = Release|x64
		{97C69EA4-C92B-49CD-8D02-FFEBF7F438E4}.Ad-Hoc|x64.ActiveCfg = Release|x64
		{97C69EA4-C92B-49CD-8D02-FFEBF7F438E4}.Ad-Hoc|x64.Build.0 = Release|x64
		{97C69EA4-C92B-49CD-8D02-FFEBF7F438E4}.Ad-Hoc|x64.Deploy.0 = Release|x64
		{97C69EA4-C92B-49CD-8D02-FFEBF7F438E4}.Ad-Hoc|x86.ActiveCfg = Release|x86
		{97C69EA4-C92B-49CD-8D02-FFEBF7F438E4}.Ad-Hoc|x86.Build.0 = Release|x86
		{97C69EA4-C92B-49CD-8D02-FFEBF7F438E4}.Ad-Hoc|x86.Deploy.0 = Release|x86
		{97C69EA4-C92B-49CD-8D02-FFEBF7F438E4}.AppStore|Any CPU.ActiveCfg = Release|x64
		{97C69EA4-C92B-49CD-8D02-FFEBF7F438E4}.AppStore|Any CPU.Build.0 = Release|x64
		{97C69EA4-C92B-49CD-8D02-FFEBF7F438E4}.AppStore|Any CPU.Deploy.0 = Release|x64
		{97C69EA4-C92B-49CD-8D02-FFEBF7F438E4}.AppStore|ARM.ActiveCfg = Release|ARM
		{97C69EA4-C92B-49CD-8D02-FFEBF7F438E4}.AppStore|ARM.Build.0 = Release|ARM
		{97C69EA4-C92B-49CD-8D02-FFEBF7F438E4}.AppStore|ARM.Deploy.0 = Release|ARM
		{97C69EA4-C92B-49CD-8D02-FFEBF7F438E4}.AppStore|ARM64.ActiveCfg = Release|ARM64
		{97C69EA4-C92B-49CD-8D02-FFEBF7F438E4}.AppStore|ARM64.Build.0 = Release|ARM64
		{97C69EA4-C92B-49CD-8D02-FFEBF7F438E4}.AppStore|ARM64.Deploy.0 = Release|ARM64
		{97C69EA4-C92B-49CD-8D02-FFEBF7F438E4}.AppStore|iPhone.ActiveCfg = Release|x64
		{97C69EA4-C92B-49CD-8D02-FFEBF7F438E4}.AppStore|iPhone.Build.0 = Release|x64
		{97C69EA4-C92B-49CD-8D02-FFEBF7F438E4}.AppStore|iPhone.Deploy.0 = Release|x64
		{97C69EA4-C92B-49CD-8D02-FFEBF7F438E4}.AppStore|iPhoneSimulator.ActiveCfg = Release|x64
		{97C69EA4-C92B-49CD-8D02-FFEBF7F438E4}.AppStore|iPhoneSimulator.Build.0 = Release|x64
		{97C69EA4-C92B-49CD-8D02-FFEBF7F438E4}.AppStore|iPhoneSimulator.Deploy.0 = Release|x64
		{97C69EA4-C92B-49CD-8D02-FFEBF7F438E4}.AppStore|x64.ActiveCfg = Release|x64
		{97C69EA4-C92B-49CD-8D02-FFEBF7F438E4}.AppStore|x64.Build.0 = Release|x64
		{97C69EA4-C92B-49CD-8D02-FFEBF7F438E4}.AppStore|x64.Deploy.0 = Release|x64
		{97C69EA4-C92B-49CD-8D02-FFEBF7F438E4}.AppStore|x86.ActiveCfg = Release|x86
		{97C69EA4-C92B-49CD-8D02-FFEBF7F438E4}.AppStore|x86.Build.0 = Release|x86
		{97C69EA4-C92B-49CD-8D02-FFEBF7F438E4}.AppStore|x86.Deploy.0 = Release|x86
		{97C69EA4-C92B-49CD-8D02-FFEBF7F438E4}.Debug|Any CPU.ActiveCfg = Debug|x86
		{97C69EA4-C92B-49CD-8D02-FFEBF7F438E4}.Debug|ARM.ActiveCfg = Debug|ARM
		{97C69EA4-C92B-49CD-8D02-FFEBF7F438E4}.Debug|ARM.Build.0 = Debug|ARM
		{97C69EA4-C92B-49CD-8D02-FFEBF7F438E4}.Debug|ARM.Deploy.0 = Debug|ARM
		{97C69EA4-C92B-49CD-8D02-FFEBF7F438E4}.Debug|ARM64.ActiveCfg = Debug|ARM64
		{97C69EA4-C92B-49CD-8D02-FFEBF7F438E4}.Debug|ARM64.Build.0 = Debug|ARM64
		{97C69EA4-C92B-49CD-8D02-FFEBF7F438E4}.Debug|ARM64.Deploy.0 = Debug|ARM64
		{97C69EA4-C92B-49CD-8D02-FFEBF7F438E4}.Debug|iPhone.ActiveCfg = Debug|x86
		{97C69EA4-C92B-49CD-8D02-FFEBF7F438E4}.Debug|iPhoneSimulator.ActiveCfg = Debug|x86
		{97C69EA4-C92B-49CD-8D02-FFEBF7F438E4}.Debug|x64.ActiveCfg = Debug|x64
		{97C69EA4-C92B-49CD-8D02-FFEBF7F438E4}.Debug|x64.Build.0 = Debug|x64
		{97C69EA4-C92B-49CD-8D02-FFEBF7F438E4}.Debug|x64.Deploy.0 = Debug|x64
		{97C69EA4-C92B-49CD-8D02-FFEBF7F438E4}.Debug|x86.ActiveCfg = Debug|x86
		{97C69EA4-C92B-49CD-8D02-FFEBF7F438E4}.Debug|x86.Build.0 = Debug|x86
		{97C69EA4-C92B-49CD-8D02-FFEBF7F438E4}.Debug|x86.Deploy.0 = Debug|x86
		{97C69EA4-C92B-49CD-8D02-FFEBF7F438E4}.Release|Any CPU.ActiveCfg = Release|x86
		{97C69EA4-C92B-49CD-8D02-FFEBF7F438E4}.Release|ARM.ActiveCfg = Release|ARM
		{97C69EA4-C92B-49CD-8D02-FFEBF7F438E4}.Release|ARM.Build.0 = Release|ARM
		{97C69EA4-C92B-49CD-8D02-FFEBF7F438E4}.Release|ARM.Deploy.0 = Release|ARM
		{97C69EA4-C92B-49CD-8D02-FFEBF7F438E4}.Release|ARM64.ActiveCfg = Release|ARM64
		{97C69EA4-C92B-49CD-8D02-FFEBF7F438E4}.Release|ARM64.Build.0 = Release|ARM64
		{97C69EA4-C92B-49CD-8D02-FFEBF7F438E4}.Release|ARM64.Deploy.0 = Release|ARM64
		{97C69EA4-C92B-49CD-8D02-FFEBF7F438E4}.Release|iPhone.ActiveCfg = Release|x86
		{97C69EA4-C92B-49CD-8D02-FFEBF7F438E4}.Release|iPhoneSimulator.ActiveCfg = Release|x86
		{97C69EA4-C92B-49CD-8D02-FFEBF7F438E4}.Release|x64.ActiveCfg = Release|x64
		{97C69EA4-C92B-49CD-8D02-FFEBF7F438E4}.Release|x64.Build.0 = Release|x64
		{97C69EA4-C92B-49CD-8D02-FFEBF7F438E4}.Release|x64.Deploy.0 = Release|x64
		{97C69EA4-C92B-49CD-8D02-FFEBF7F438E4}.Release|x86.ActiveCfg = Release|x86
		{97C69EA4-C92B-49CD-8D02-FFEBF7F438E4}.Release|x86.Build.0 = Release|x86
		{97C69EA4-C92B-49CD-8D02-FFEBF7F438E4}.Release|x86.Deploy.0 = Release|x86
		{F3779289-41C1-45CB-9BF1-1A32D9387B9D}.Ad-Hoc|Any CPU.ActiveCfg = Debug|Any CPU
		{F3779289-41C1-45CB-9BF1-1A32D9387B9D}.Ad-Hoc|Any CPU.Build.0 = Debug|Any CPU
		{F3779289-41C1-45CB-9BF1-1A32D9387B9D}.Ad-Hoc|ARM.ActiveCfg = Debug|Any CPU
		{F3779289-41C1-45CB-9BF1-1A32D9387B9D}.Ad-Hoc|ARM.Build.0 = Debug|Any CPU
		{F3779289-41C1-45CB-9BF1-1A32D9387B9D}.Ad-Hoc|ARM64.ActiveCfg = Debug|Any CPU
		{F3779289-41C1-45CB-9BF1-1A32D9387B9D}.Ad-Hoc|ARM64.Build.0 = Debug|Any CPU
		{F3779289-41C1-45CB-9BF1-1A32D9387B9D}.Ad-Hoc|iPhone.ActiveCfg = Debug|Any CPU
		{F3779289-41C1-45CB-9BF1-1A32D9387B9D}.Ad-Hoc|iPhone.Build.0 = Debug|Any CPU
		{F3779289-41C1-45CB-9BF1-1A32D9387B9D}.Ad-Hoc|iPhoneSimulator.ActiveCfg = Debug|Any CPU
		{F3779289-41C1-45CB-9BF1-1A32D9387B9D}.Ad-Hoc|iPhoneSimulator.Build.0 = Debug|Any CPU
		{F3779289-41C1-45CB-9BF1-1A32D9387B9D}.Ad-Hoc|x64.ActiveCfg = Debug|Any CPU
		{F3779289-41C1-45CB-9BF1-1A32D9387B9D}.Ad-Hoc|x64.Build.0 = Debug|Any CPU
		{F3779289-41C1-45CB-9BF1-1A32D9387B9D}.Ad-Hoc|x86.ActiveCfg = Debug|Any CPU
		{F3779289-41C1-45CB-9BF1-1A32D9387B9D}.Ad-Hoc|x86.Build.0 = Debug|Any CPU
		{F3779289-41C1-45CB-9BF1-1A32D9387B9D}.AppStore|Any CPU.ActiveCfg = Debug|Any CPU
		{F3779289-41C1-45CB-9BF1-1A32D9387B9D}.AppStore|Any CPU.Build.0 = Debug|Any CPU
		{F3779289-41C1-45CB-9BF1-1A32D9387B9D}.AppStore|ARM.ActiveCfg = Debug|Any CPU
		{F3779289-41C1-45CB-9BF1-1A32D9387B9D}.AppStore|ARM.Build.0 = Debug|Any CPU
		{F3779289-41C1-45CB-9BF1-1A32D9387B9D}.AppStore|ARM64.ActiveCfg = Debug|Any CPU
		{F3779289-41C1-45CB-9BF1-1A32D9387B9D}.AppStore|ARM64.Build.0 = Debug|Any CPU
		{F3779289-41C1-45CB-9BF1-1A32D9387B9D}.AppStore|iPhone.ActiveCfg = Debug|Any CPU
		{F3779289-41C1-45CB-9BF1-1A32D9387B9D}.AppStore|iPhone.Build.0 = Debug|Any CPU
		{F3779289-41C1-45CB-9BF1-1A32D9387B9D}.AppStore|iPhoneSimulator.ActiveCfg = Debug|Any CPU
		{F3779289-41C1-45CB-9BF1-1A32D9387B9D}.AppStore|iPhoneSimulator.Build.0 = Debug|Any CPU
		{F3779289-41C1-45CB-9BF1-1A32D9387B9D}.AppStore|x64.ActiveCfg = Debug|Any CPU
		{F3779289-41C1-45CB-9BF1-1A32D9387B9D}.AppStore|x64.Build.0 = Debug|Any CPU
		{F3779289-41C1-45CB-9BF1-1A32D9387B9D}.AppStore|x86.ActiveCfg = Debug|Any CPU
		{F3779289-41C1-45CB-9BF1-1A32D9387B9D}.AppStore|x86.Build.0 = Debug|Any CPU
		{F3779289-41C1-45CB-9BF1-1A32D9387B9D}.Debug|Any CPU.ActiveCfg = Debug|Any CPU
		{F3779289-41C1-45CB-9BF1-1A32D9387B9D}.Debug|Any CPU.Build.0 = Debug|Any CPU
		{F3779289-41C1-45CB-9BF1-1A32D9387B9D}.Debug|ARM.ActiveCfg = Debug|Any CPU
		{F3779289-41C1-45CB-9BF1-1A32D9387B9D}.Debug|ARM.Build.0 = Debug|Any CPU
		{F3779289-41C1-45CB-9BF1-1A32D9387B9D}.Debug|ARM64.ActiveCfg = Debug|Any CPU
		{F3779289-41C1-45CB-9BF1-1A32D9387B9D}.Debug|ARM64.Build.0 = Debug|Any CPU
		{F3779289-41C1-45CB-9BF1-1A32D9387B9D}.Debug|iPhone.ActiveCfg = Debug|Any CPU
		{F3779289-41C1-45CB-9BF1-1A32D9387B9D}.Debug|iPhone.Build.0 = Debug|Any CPU
		{F3779289-41C1-45CB-9BF1-1A32D9387B9D}.Debug|iPhoneSimulator.ActiveCfg = Debug|Any CPU
		{F3779289-41C1-45CB-9BF1-1A32D9387B9D}.Debug|iPhoneSimulator.Build.0 = Debug|Any CPU
		{F3779289-41C1-45CB-9BF1-1A32D9387B9D}.Debug|x64.ActiveCfg = Debug|Any CPU
		{F3779289-41C1-45CB-9BF1-1A32D9387B9D}.Debug|x64.Build.0 = Debug|Any CPU
		{F3779289-41C1-45CB-9BF1-1A32D9387B9D}.Debug|x86.ActiveCfg = Debug|Any CPU
		{F3779289-41C1-45CB-9BF1-1A32D9387B9D}.Debug|x86.Build.0 = Debug|Any CPU
		{F3779289-41C1-45CB-9BF1-1A32D9387B9D}.Release|Any CPU.ActiveCfg = Release|Any CPU
		{F3779289-41C1-45CB-9BF1-1A32D9387B9D}.Release|Any CPU.Build.0 = Release|Any CPU
		{F3779289-41C1-45CB-9BF1-1A32D9387B9D}.Release|ARM.ActiveCfg = Release|Any CPU
		{F3779289-41C1-45CB-9BF1-1A32D9387B9D}.Release|ARM.Build.0 = Release|Any CPU
		{F3779289-41C1-45CB-9BF1-1A32D9387B9D}.Release|ARM64.ActiveCfg = Release|Any CPU
		{F3779289-41C1-45CB-9BF1-1A32D9387B9D}.Release|ARM64.Build.0 = Release|Any CPU
		{F3779289-41C1-45CB-9BF1-1A32D9387B9D}.Release|iPhone.ActiveCfg = Release|Any CPU
		{F3779289-41C1-45CB-9BF1-1A32D9387B9D}.Release|iPhone.Build.0 = Release|Any CPU
		{F3779289-41C1-45CB-9BF1-1A32D9387B9D}.Release|iPhoneSimulator.ActiveCfg = Release|Any CPU
		{F3779289-41C1-45CB-9BF1-1A32D9387B9D}.Release|iPhoneSimulator.Build.0 = Release|Any CPU
		{F3779289-41C1-45CB-9BF1-1A32D9387B9D}.Release|x64.ActiveCfg = Release|Any CPU
		{F3779289-41C1-45CB-9BF1-1A32D9387B9D}.Release|x64.Build.0 = Release|Any CPU
		{F3779289-41C1-45CB-9BF1-1A32D9387B9D}.Release|x86.ActiveCfg = Release|Any CPU
		{F3779289-41C1-45CB-9BF1-1A32D9387B9D}.Release|x86.Build.0 = Release|Any CPU
	EndGlobalSection
	GlobalSection(SolutionProperties) = preSolution
		HideSolutionNode = FALSE
	EndGlobalSection
	GlobalSection(NestedProjects) = preSolution
		{F3779289-41C1-45CB-9BF1-1A32D9387B9D} = {F5E461B5-9589-4DBC-ADA9-AA511B2CE8FC}
	EndGlobalSection
	GlobalSection(ExtensibilityGlobals) = postSolution
		SolutionGuid = {BA0915E7-B368-485C-B14A-A70BFCEF969C}
	EndGlobalSection
EndGlobal
