
Microsoft Visual Studio Solution File, Format Version 12.00
# Visual Studio 15
VisualStudioVersion = 15.0.28307.329
MinimumVisualStudioVersion = 10.0.40219.1
Project("{FAE04EC0-301F-11D3-BF4B-00C04F79EFBC}") = "Calculator.Android", "Calculator\Calculator.Android\Calculator.Android.csproj", "{4319DB0E-6EB6-4F97-861E-D4E7F204C9BA}"
EndProject
Project("{FAE04EC0-301F-11D3-BF4B-00C04F79EFBC}") = "Calculator.iOS", "Calculator\Calculator.iOS\Calculator.iOS.csproj", "{2193E1CC-5AA9-4DF8-B384-16D6F8B50AF3}"
EndProject
Project("{FAE04EC0-301F-11D3-BF4B-00C04F79EFBC}") = "Calculator", "Calculator\Calculator\Calculator.csproj", "{CA7D270E-E309-4952-94B3-0D8474E5A063}"
EndProject
Global
	GlobalSection(SolutionConfigurationPlatforms) = preSolution
		Ad-Hoc|Any CPU = Ad-Hoc|Any CPU
		Ad-Hoc|iPhone = Ad-Hoc|iPhone
		Ad-Hoc|iPhoneSimulator = Ad-Hoc|iPhoneSimulator
		AppStore|Any CPU = AppStore|Any CPU
		AppStore|iPhone = AppStore|iPhone
		AppStore|iPhoneSimulator = AppStore|iPhoneSimulator
		Debug|Any CPU = Debug|Any CPU
		Debug|iPhone = Debug|iPhone
		Debug|iPhoneSimulator = Debug|iPhoneSimulator
		Release|Any CPU = Release|Any CPU
		Release|iPhone = Release|iPhone
		Release|iPhoneSimulator = Release|iPhoneSimulator
	EndGlobalSection
	GlobalSection(ProjectConfigurationPlatforms) = postSolution
		{4319DB0E-6EB6-4F97-861E-D4E7F204C9BA}.Ad-Hoc|Any CPU.ActiveCfg = Release|Any CPU
		{4319DB0E-6EB6-4F97-861E-D4E7F204C9BA}.Ad-Hoc|Any CPU.Build.0 = Release|Any CPU
		{4319DB0E-6EB6-4F97-861E-D4E7F204C9BA}.Ad-Hoc|Any CPU.Deploy.0 = Release|Any CPU
		{4319DB0E-6EB6-4F97-861E-D4E7F204C9BA}.Ad-Hoc|iPhone.ActiveCfg = Release|Any CPU
		{4319DB0E-6EB6-4F97-861E-D4E7F204C9BA}.Ad-Hoc|iPhone.Build.0 = Release|Any CPU
		{4319DB0E-6EB6-4F97-861E-D4E7F204C9BA}.Ad-Hoc|iPhone.Deploy.0 = Release|Any CPU
		{4319DB0E-6EB6-4F97-861E-D4E7F204C9BA}.Ad-Hoc|iPhoneSimulator.ActiveCfg = Release|Any CPU
		{4319DB0E-6EB6-4F97-861E-D4E7F204C9BA}.Ad-Hoc|iPhoneSimulator.Build.0 = Release|Any CPU
		{4319DB0E-6EB6-4F97-861E-D4E7F204C9BA}.Ad-Hoc|iPhoneSimulator.Deploy.0 = Release|Any CPU
		{4319DB0E-6EB6-4F97-861E-D4E7F204C9BA}.AppStore|Any CPU.ActiveCfg = Release|Any CPU
		{4319DB0E-6EB6-4F97-861E-D4E7F204C9BA}.AppStore|Any CPU.Build.0 = Release|Any CPU
		{4319DB0E-6EB6-4F97-861E-D4E7F204C9BA}.AppStore|Any CPU.Deploy.0 = Release|Any CPU
		{4319DB0E-6EB6-4F97-861E-D4E7F204C9BA}.AppStore|iPhone.ActiveCfg = Release|Any CPU
		{4319DB0E-6EB6-4F97-861E-D4E7F204C9BA}.AppStore|iPhone.Build.0 = Release|Any CPU
		{4319DB0E-6EB6-4F97-861E-D4E7F204C9BA}.AppStore|iPhone.Deploy.0 = Release|Any CPU
		{4319DB0E-6EB6-4F97-861E-D4E7F204C9BA}.AppStore|iPhoneSimulator.ActiveCfg = Release|Any CPU
		{4319DB0E-6EB6-4F97-861E-D4E7F204C9BA}.AppStore|iPhoneSimulator.Build.0 = Release|Any CPU
		{4319DB0E-6EB6-4F97-861E-D4E7F204C9BA}.AppStore|iPhoneSimulator.Deploy.0 = Release|Any CPU
		{4319DB0E-6EB6-4F97-861E-D4E7F204C9BA}.Debug|Any CPU.ActiveCfg = Debug|Any CPU
		{4319DB0E-6EB6-4F97-861E-D4E7F204C9BA}.Debug|Any CPU.Build.0 = Debug|Any CPU
		{4319DB0E-6EB6-4F97-861E-D4E7F204C9BA}.Debug|Any CPU.Deploy.0 = Debug|Any CPU
		{4319DB0E-6EB6-4F97-861E-D4E7F204C9BA}.Debug|iPhone.ActiveCfg = Debug|Any CPU
		{4319DB0E-6EB6-4F97-861E-D4E7F204C9BA}.Debug|iPhone.Build.0 = Debug|Any CPU
		{4319DB0E-6EB6-4F97-861E-D4E7F204C9BA}.Debug|iPhone.Deploy.0 = Debug|Any CPU
		{4319DB0E-6EB6-4F97-861E-D4E7F204C9BA}.Debug|iPhoneSimulator.ActiveCfg = Debug|Any CPU
		{4319DB0E-6EB6-4F97-861E-D4E7F204C9BA}.Debug|iPhoneSimulator.Build.0 = Debug|Any CPU
		{4319DB0E-6EB6-4F97-861E-D4E7F204C9BA}.Debug|iPhoneSimulator.Deploy.0 = Debug|Any CPU
		{4319DB0E-6EB6-4F97-861E-D4E7F204C9BA}.Release|Any CPU.ActiveCfg = Release|Any CPU
		{4319DB0E-6EB6-4F97-861E-D4E7F204C9BA}.Release|Any CPU.Build.0 = Release|Any CPU
		{4319DB0E-6EB6-4F97-861E-D4E7F204C9BA}.Release|Any CPU.Deploy.0 = Release|Any CPU
		{4319DB0E-6EB6-4F97-861E-D4E7F204C9BA}.Release|iPhone.ActiveCfg = Release|Any CPU
		{4319DB0E-6EB6-4F97-861E-D4E7F204C9BA}.Release|iPhone.Build.0 = Release|Any CPU
		{4319DB0E-6EB6-4F97-861E-D4E7F204C9BA}.Release|iPhone.Deploy.0 = Release|Any CPU
		{4319DB0E-6EB6-4F97-861E-D4E7F204C9BA}.Release|iPhoneSimulator.ActiveCfg = Release|Any CPU
		{4319DB0E-6EB6-4F97-861E-D4E7F204C9BA}.Release|iPhoneSimulator.Build.0 = Release|Any CPU
		{4319DB0E-6EB6-4F97-861E-D4E7F204C9BA}.Release|iPhoneSimulator.Deploy.0 = Release|Any CPU
		{2193E1CC-5AA9-4DF8-B384-16D6F8B50AF3}.Ad-Hoc|Any CPU.ActiveCfg = Ad-Hoc|iPhone
		{2193E1CC-5AA9-4DF8-B384-16D6F8B50AF3}.Ad-Hoc|Any CPU.Build.0 = Ad-Hoc|iPhone
		{2193E1CC-5AA9-4DF8-B384-16D6F8B50AF3}.Ad-Hoc|Any CPU.Deploy.0 = Ad-Hoc|iPhone
		{2193E1CC-5AA9-4DF8-B384-16D6F8B50AF3}.Ad-Hoc|iPhone.ActiveCfg = Ad-Hoc|iPhone
		{2193E1CC-5AA9-4DF8-B384-16D6F8B50AF3}.Ad-Hoc|iPhone.Build.0 = Ad-Hoc|iPhone
		{2193E1CC-5AA9-4DF8-B384-16D6F8B50AF3}.Ad-Hoc|iPhone.Deploy.0 = Ad-Hoc|iPhone
		{2193E1CC-5AA9-4DF8-B384-16D6F8B50AF3}.Ad-Hoc|iPhoneSimulator.ActiveCfg = Ad-Hoc|iPhoneSimulator
		{2193E1CC-5AA9-4DF8-B384-16D6F8B50AF3}.Ad-Hoc|iPhoneSimulator.Build.0 = Ad-Hoc|iPhoneSimulator
		{2193E1CC-5AA9-4DF8-B384-16D6F8B50AF3}.Ad-Hoc|iPhoneSimulator.Deploy.0 = Ad-Hoc|iPhoneSimulator
		{2193E1CC-5AA9-4DF8-B384-16D6F8B50AF3}.AppStore|Any CPU.ActiveCfg = AppStore|iPhone
		{2193E1CC-5AA9-4DF8-B384-16D6F8B50AF3}.AppStore|Any CPU.Build.0 = AppStore|iPhone
		{2193E1CC-5AA9-4DF8-B384-16D6F8B50AF3}.AppStore|Any CPU.Deploy.0 = AppStore|iPhone
		{2193E1CC-5AA9-4DF8-B384-16D6F8B50AF3}.AppStore|iPhone.ActiveCfg = AppStore|iPhone
		{2193E1CC-5AA9-4DF8-B384-16D6F8B50AF3}.AppStore|iPhone.Build.0 = AppStore|iPhone
		{2193E1CC-5AA9-4DF8-B384-16D6F8B50AF3}.AppStore|iPhone.Deploy.0 = AppStore|iPhone
		{2193E1CC-5AA9-4DF8-B384-16D6F8B50AF3}.AppStore|iPhoneSimulator.ActiveCfg = AppStore|iPhoneSimulator
		{2193E1CC-5AA9-4DF8-B384-16D6F8B50AF3}.AppStore|iPhoneSimulator.Build.0 = AppStore|iPhoneSimulator
		{2193E1CC-5AA9-4DF8-B384-16D6F8B50AF3}.AppStore|iPhoneSimulator.Deploy.0 = AppStore|iPhoneSimulator
		{2193E1CC-5AA9-4DF8-B384-16D6F8B50AF3}.Debug|Any CPU.ActiveCfg = Debug|iPhoneSimulator
		{2193E1CC-5AA9-4DF8-B384-16D6F8B50AF3}.Debug|Any CPU.Build.0 = Debug|iPhoneSimulator
		{2193E1CC-5AA9-4DF8-B384-16D6F8B50AF3}.Debug|Any CPU.Deploy.0 = Debug|iPhoneSimulator
		{2193E1CC-5AA9-4DF8-B384-16D6F8B50AF3}.Debug|iPhone.ActiveCfg = Debug|iPhone
		{2193E1CC-5AA9-4DF8-B384-16D6F8B50AF3}.Debug|iPhone.Build.0 = Debug|iPhone
		{2193E1CC-5AA9-4DF8-B384-16D6F8B50AF3}.Debug|iPhone.Deploy.0 = Debug|iPhone
		{2193E1CC-5AA9-4DF8-B384-16D6F8B50AF3}.Debug|iPhoneSimulator.ActiveCfg = Debug|iPhoneSimulator
		{2193E1CC-5AA9-4DF8-B384-16D6F8B50AF3}.Debug|iPhoneSimulator.Build.0 = Debug|iPhoneSimulator
		{2193E1CC-5AA9-4DF8-B384-16D6F8B50AF3}.Debug|iPhoneSimulator.Deploy.0 = Debug|iPhoneSimulator
		{2193E1CC-5AA9-4DF8-B384-16D6F8B50AF3}.Release|Any CPU.ActiveCfg = Release|iPhone
		{2193E1CC-5AA9-4DF8-B384-16D6F8B50AF3}.Release|Any CPU.Build.0 = Release|iPhone
		{2193E1CC-5AA9-4DF8-B384-16D6F8B50AF3}.Release|Any CPU.Deploy.0 = Release|iPhone
		{2193E1CC-5AA9-4DF8-B384-16D6F8B50AF3}.Release|iPhone.ActiveCfg = Release|iPhone
		{2193E1CC-5AA9-4DF8-B384-16D6F8B50AF3}.Release|iPhone.Build.0 = Release|iPhone
		{2193E1CC-5AA9-4DF8-B384-16D6F8B50AF3}.Release|iPhone.Deploy.0 = Release|iPhone
		{2193E1CC-5AA9-4DF8-B384-16D6F8B50AF3}.Release|iPhoneSimulator.ActiveCfg = Release|iPhoneSimulator
		{2193E1CC-5AA9-4DF8-B384-16D6F8B50AF3}.Release|iPhoneSimulator.Build.0 = Release|iPhoneSimulator
		{2193E1CC-5AA9-4DF8-B384-16D6F8B50AF3}.Release|iPhoneSimulator.Deploy.0 = Release|iPhoneSimulator
		{CA7D270E-E309-4952-94B3-0D8474E5A063}.Ad-Hoc|Any CPU.ActiveCfg = Debug|Any CPU
		{CA7D270E-E309-4952-94B3-0D8474E5A063}.Ad-Hoc|Any CPU.Build.0 = Debug|Any CPU
		{CA7D270E-E309-4952-94B3-0D8474E5A063}.Ad-Hoc|Any CPU.Deploy.0 = Debug|Any CPU
		{CA7D270E-E309-4952-94B3-0D8474E5A063}.Ad-Hoc|iPhone.ActiveCfg = Debug|Any CPU
		{CA7D270E-E309-4952-94B3-0D8474E5A063}.Ad-Hoc|iPhone.Build.0 = Debug|Any CPU
		{CA7D270E-E309-4952-94B3-0D8474E5A063}.Ad-Hoc|iPhone.Deploy.0 = Debug|Any CPU
		{CA7D270E-E309-4952-94B3-0D8474E5A063}.Ad-Hoc|iPhoneSimulator.ActiveCfg = Debug|Any CPU
		{CA7D270E-E309-4952-94B3-0D8474E5A063}.Ad-Hoc|iPhoneSimulator.Build.0 = Debug|Any CPU
		{CA7D270E-E309-4952-94B3-0D8474E5A063}.Ad-Hoc|iPhoneSimulator.Deploy.0 = Debug|Any CPU
		{CA7D270E-E309-4952-94B3-0D8474E5A063}.AppStore|Any CPU.ActiveCfg = Debug|Any CPU
		{CA7D270E-E309-4952-94B3-0D8474E5A063}.AppStore|Any CPU.Build.0 = Debug|Any CPU
		{CA7D270E-E309-4952-94B3-0D8474E5A063}.AppStore|Any CPU.Deploy.0 = Debug|Any CPU
		{CA7D270E-E309-4952-94B3-0D8474E5A063}.AppStore|iPhone.ActiveCfg = Debug|Any CPU
		{CA7D270E-E309-4952-94B3-0D8474E5A063}.AppStore|iPhone.Build.0 = Debug|Any CPU
		{CA7D270E-E309-4952-94B3-0D8474E5A063}.AppStore|iPhone.Deploy.0 = Debug|Any CPU
		{CA7D270E-E309-4952-94B3-0D8474E5A063}.AppStore|iPhoneSimulator.ActiveCfg = Debug|Any CPU
		{CA7D270E-E309-4952-94B3-0D8474E5A063}.AppStore|iPhoneSimulator.Build.0 = Debug|Any CPU
		{CA7D270E-E309-4952-94B3-0D8474E5A063}.AppStore|iPhoneSimulator.Deploy.0 = Debug|Any CPU
		{CA7D270E-E309-4952-94B3-0D8474E5A063}.Debug|Any CPU.ActiveCfg = Debug|Any CPU
		{CA7D270E-E309-4952-94B3-0D8474E5A063}.Debug|Any CPU.Build.0 = Debug|Any CPU
		{CA7D270E-E309-4952-94B3-0D8474E5A063}.Debug|Any CPU.Deploy.0 = Debug|Any CPU
		{CA7D270E-E309-4952-94B3-0D8474E5A063}.Debug|iPhone.ActiveCfg = Debug|Any CPU
		{CA7D270E-E309-4952-94B3-0D8474E5A063}.Debug|iPhone.Build.0 = Debug|Any CPU
		{CA7D270E-E309-4952-94B3-0D8474E5A063}.Debug|iPhone.Deploy.0 = Debug|Any CPU
		{CA7D270E-E309-4952-94B3-0D8474E5A063}.Debug|iPhoneSimulator.ActiveCfg = Debug|Any CPU
		{CA7D270E-E309-4952-94B3-0D8474E5A063}.Debug|iPhoneSimulator.Build.0 = Debug|Any CPU
		{CA7D270E-E309-4952-94B3-0D8474E5A063}.Debug|iPhoneSimulator.Deploy.0 = Debug|Any CPU
		{CA7D270E-E309-4952-94B3-0D8474E5A063}.Release|Any CPU.ActiveCfg = Release|Any CPU
		{CA7D270E-E309-4952-94B3-0D8474E5A063}.Release|Any CPU.Build.0 = Release|Any CPU
		{CA7D270E-E309-4952-94B3-0D8474E5A063}.Release|Any CPU.Deploy.0 = Release|Any CPU
		{CA7D270E-E309-4952-94B3-0D8474E5A063}.Release|iPhone.ActiveCfg = Release|Any CPU
		{CA7D270E-E309-4952-94B3-0D8474E5A063}.Release|iPhone.Build.0 = Release|Any CPU
		{CA7D270E-E309-4952-94B3-0D8474E5A063}.Release|iPhone.Deploy.0 = Release|Any CPU
		{CA7D270E-E309-4952-94B3-0D8474E5A063}.Release|iPhoneSimulator.ActiveCfg = Release|Any CPU
		{CA7D270E-E309-4952-94B3-0D8474E5A063}.Release|iPhoneSimulator.Build.0 = Release|Any CPU
		{CA7D270E-E309-4952-94B3-0D8474E5A063}.Release|iPhoneSimulator.Deploy.0 = Release|Any CPU
	EndGlobalSection
	GlobalSection(SolutionProperties) = preSolution
		HideSolutionNode = FALSE
	EndGlobalSection
	GlobalSection(ExtensibilityGlobals) = postSolution
		SolutionGuid = {BA0915E7-B368-485C-B14A-A70BFCEF969C}
	EndGlobalSection
EndGlobal
